
Microsoft Visual Studio Solution File, Format Version 12.00
# Visual Studio 14
VisualStudioVersion = 14.0.25123.0
MinimumVisualStudioVersion = 10.0.40219.1
Project("{FAE04EC0-301F-11D3-BF4B-00C04F79EFBC}") = "BeeSchema", "BeeSchema\BeeSchema.csproj", "{B4DE0806-85D2-4772-A560-551DDD7381A7}"
EndProject
Project("{FAE04EC0-301F-11D3-BF4B-00C04F79EFBC}") = "Example", "Example\Example.csproj", "{EF52B64E-7CD0-472B-BCD9-8CDC2C11BEAC}"
EndProject
Global
	GlobalSection(SolutionConfigurationPlatforms) = preSolution
		Debug|Any CPU = Debug|Any CPU
		Release|Any CPU = Release|Any CPU
	EndGlobalSection
	GlobalSection(ProjectConfigurationPlatforms) = postSolution
		{B4DE0806-85D2-4772-A560-551DDD7381A7}.Debug|Any CPU.ActiveCfg = Debug|Any CPU
		{B4DE0806-85D2-4772-A560-551DDD7381A7}.Debug|Any CPU.Build.0 = Debug|Any CPU
		{B4DE0806-85D2-4772-A560-551DDD7381A7}.Release|Any CPU.ActiveCfg = Release|Any CPU
		{B4DE0806-85D2-4772-A560-551DDD7381A7}.Release|Any CPU.Build.0 = Release|Any CPU
		{EF52B64E-7CD0-472B-BCD9-8CDC2C11BEAC}.Debug|Any CPU.ActiveCfg = Debug|Any CPU
		{EF52B64E-7CD0-472B-BCD9-8CDC2C11BEAC}.Debug|Any CPU.Build.0 = Debug|Any CPU
		{EF52B64E-7CD0-472B-BCD9-8CDC2C11BEAC}.Release|Any CPU.ActiveCfg = Release|Any CPU
		{EF52B64E-7CD0-472B-BCD9-8CDC2C11BEAC}.Release|Any CPU.Build.0 = Release|Any CPU
	EndGlobalSection
	GlobalSection(SolutionProperties) = preSolution
		HideSolutionNode = FALSE
	EndGlobalSection
EndGlobal
